# This file is automatically @generated by Poetry 1.8.3 and should not be changed by hand.

[[package]]
name = "RustBCA"
version = "2.8.4"
description = ""
optional = false
python-versions = "*"
files = []
develop = false

[package.source]
type = "git"
url = "https://github.com/lcpp-org/RustBCA"
reference = "HEAD"
resolved_reference = "d3d37686d361e5ec165b28547e33f2f8592e5bfd"

[metadata]
lock-version = "2.0"
python-versions = "^3.8"
content-hash = "f83fb3273b034c03268360db4246bd481896c1d82216076f6f8f4a45c3d71b3b"
